<?xml version="1.0" encoding="utf-8"?>
<Project ToolsVersion="4.0" xmlns="http://schemas.microsoft.com/developer/msbuild/2003">
  <ItemGroup>
    <ClCompile Include="cntritem.cpp">
      <Filter>소스 파일</Filter>
    </ClCompile>
    <ClCompile Include="drawdoc.cpp">
      <Filter>소스 파일</Filter>
    </ClCompile>
    <ClCompile Include="drawobj.cpp">
      <Filter>소스 파일</Filter>
    </ClCompile>
    <ClCompile Include="drawtool.cpp">
      <Filter>소스 파일</Filter>
    </ClCompile>
    <ClCompile Include="drawvw.cpp">
      <Filter>소스 파일</Filter>
    </ClCompile>
    <ClCompile Include="FourMat.cpp">
      <Filter>소스 파일</Filter>
    </ClCompile>
    <ClCompile Include="LineWeightDlg.cpp">
      <Filter>소스 파일</Filter>
    </ClCompile>
    <ClCompile Include="mainfrm.cpp">
      <Filter>소스 파일</Filter>
    </ClCompile>
    <ClCompile Include="propset.cpp">
      <Filter>소스 파일</Filter>
    </ClCompile>
    <ClCompile Include="rectdlg.cpp">
      <Filter>소스 파일</Filter>
    </ClCompile>
    <ClCompile Include="RibbonListButton.cpp">
      <Filter>소스 파일</Filter>
    </ClCompile>
    <ClCompile Include="splitfrm.cpp">
      <Filter>소스 파일</Filter>
    </ClCompile>
    <ClCompile Include="statpage.cpp">
      <Filter>소스 파일</Filter>
    </ClCompile>
    <ClCompile Include="stdafx.cpp">
      <Filter>소스 파일</Filter>
    </ClCompile>
    <ClCompile Include="summinfo.cpp">
      <Filter>소스 파일</Filter>
    </ClCompile>
    <ClCompile Include="summpage.cpp">
      <Filter>소스 파일</Filter>
    </ClCompile>
    <ClCompile Include="CFileFindEx.cpp">
      <Filter>소스 파일</Filter>
    </ClCompile>
    <ClCompile Include="CHistoryView.cpp">
      <Filter>소스 파일</Filter>
    </ClCompile>
    <ClCompile Include="CListCtrlEx.cpp">
      <Filter>소스 파일</Filter>
    </ClCompile>
    <ClCompile Include="CSearchFileView.cpp">
      <Filter>소스 파일</Filter>
    </ClCompile>
    <ClCompile Include="CRotationDlg.cpp">
      <Filter>소스 파일</Filter>
    </ClCompile>
    <ClCompile Include="CTranslationDlg.cpp">
      <Filter>소스 파일</Filter>
    </ClCompile>
    <ClCompile Include="CAffineTransform.cpp">
      <Filter>소스 파일</Filter>
    </ClCompile>
    <ClCompile Include="CScalingDlg.cpp">
      <Filter>소스 파일</Filter>
    </ClCompile>
    <ClCompile Include="CFilter.cpp">
      <Filter>소스 파일</Filter>
    </ClCompile>
    <ClCompile Include="CImprovement.cpp">
      <Filter>소스 파일</Filter>
    </ClCompile>
    <ClCompile Include="CAddNoiseDlg.cpp">
      <Filter>소스 파일</Filter>
    </ClCompile>
    <ClCompile Include="CBlurDlg.cpp">
      <Filter>소스 파일</Filter>
    </ClCompile>
    <ClCompile Include="CBrightnessDlg.cpp">
      <Filter>소스 파일</Filter>
    </ClCompile>
    <ClCompile Include="CInverse.cpp">
      <Filter>소스 파일</Filter>
    </ClCompile>
    <ClCompile Include="CReduceNoiseDlg.cpp">
      <Filter>소스 파일</Filter>
    </ClCompile>
    <ClCompile Include="CHistogramDlg.cpp">
      <Filter>소스 파일</Filter>
    </ClCompile>
    <ClCompile Include="CCompareDlg.cpp">
      <Filter>소스 파일</Filter>
    </ClCompile>
    <ClCompile Include="CConvertDataType.cpp">
      <Filter>소스 파일</Filter>
    </ClCompile>
    <ClCompile Include="CFourMatDIB.cpp">
      <Filter>소스 파일</Filter>
    </ClCompile>
    <ClCompile Include="CGammaDlg.cpp">
      <Filter>소스 파일</Filter>
    </ClCompile>
    <ClCompile Include="CMorphology.cpp">
      <Filter>소스 파일</Filter>
    </ClCompile>
    <ClCompile Include="AccessObject.cpp">
      <Filter>소스 파일</Filter>
    </ClCompile>
    <ClCompile Include="CHarrisCornerDlg.cpp">
      <Filter>소스 파일</Filter>
    </ClCompile>
    <ClCompile Include="CCannyEdgeDlg.cpp">
      <Filter>소스 파일</Filter>
    </ClCompile>
    <ClCompile Include="CAlbumDlg.cpp">
      <Filter>소스 파일</Filter>
    </ClCompile>
  </ItemGroup>
  <ItemGroup>
    <ClInclude Include="cntritem.h">
      <Filter>헤더 파일</Filter>
    </ClInclude>
    <ClInclude Include="drawdoc.h">
      <Filter>헤더 파일</Filter>
    </ClInclude>
    <ClInclude Include="drawobj.h">
      <Filter>헤더 파일</Filter>
    </ClInclude>
    <ClInclude Include="drawtool.h">
      <Filter>헤더 파일</Filter>
    </ClInclude>
    <ClInclude Include="drawvw.h">
      <Filter>헤더 파일</Filter>
    </ClInclude>
    <ClInclude Include="FourMat.h">
      <Filter>헤더 파일</Filter>
    </ClInclude>
    <ClInclude Include="LineWeightDlg.h">
      <Filter>헤더 파일</Filter>
    </ClInclude>
    <ClInclude Include="mainfrm.h">
      <Filter>헤더 파일</Filter>
    </ClInclude>
    <ClInclude Include="propset.h">
      <Filter>헤더 파일</Filter>
    </ClInclude>
    <ClInclude Include="rectdlg.h">
      <Filter>헤더 파일</Filter>
    </ClInclude>
    <ClInclude Include="resource.h">
      <Filter>헤더 파일</Filter>
    </ClInclude>
    <ClInclude Include="RibbonListButton.h">
      <Filter>헤더 파일</Filter>
    </ClInclude>
    <ClInclude Include="splitfrm.h">
      <Filter>헤더 파일</Filter>
    </ClInclude>
    <ClInclude Include="statpage.h">
      <Filter>헤더 파일</Filter>
    </ClInclude>
    <ClInclude Include="stdafx.h">
      <Filter>헤더 파일</Filter>
    </ClInclude>
    <ClInclude Include="summinfo.h">
      <Filter>헤더 파일</Filter>
    </ClInclude>
    <ClInclude Include="summpage.h">
      <Filter>헤더 파일</Filter>
    </ClInclude>
    <ClInclude Include="targetver.h">
      <Filter>헤더 파일</Filter>
    </ClInclude>
    <ClInclude Include="CFileFindEx.h">
      <Filter>헤더 파일</Filter>
    </ClInclude>
    <ClInclude Include="CHistoryView.h">
      <Filter>헤더 파일</Filter>
    </ClInclude>
    <ClInclude Include="CListCtrlEx.h">
      <Filter>헤더 파일</Filter>
    </ClInclude>
    <ClInclude Include="CSearchFileView.h">
      <Filter>헤더 파일</Filter>
    </ClInclude>
    <ClInclude Include="CRotationDlg.h">
      <Filter>헤더 파일</Filter>
    </ClInclude>
    <ClInclude Include="CTranslationDlg.h">
      <Filter>헤더 파일</Filter>
    </ClInclude>
    <ClInclude Include="CAffineTransform.h">
      <Filter>헤더 파일</Filter>
    </ClInclude>
    <ClInclude Include="CScalingDlg.h">
      <Filter>헤더 파일</Filter>
    </ClInclude>
    <ClInclude Include="AccessPixel.h">
      <Filter>헤더 파일</Filter>
    </ClInclude>
    <ClInclude Include="RGBBYTE.h">
      <Filter>헤더 파일</Filter>
    </ClInclude>
    <ClInclude Include="CFilter.h">
      <Filter>헤더 파일</Filter>
    </ClInclude>
    <ClInclude Include="CImprovement.h">
      <Filter>헤더 파일</Filter>
    </ClInclude>
    <ClInclude Include="CAddNoiseDlg.h">
      <Filter>헤더 파일</Filter>
    </ClInclude>
    <ClInclude Include="CBlurDlg.h">
      <Filter>헤더 파일</Filter>
    </ClInclude>
    <ClInclude Include="CBrightnessDlg.h">
      <Filter>헤더 파일</Filter>
    </ClInclude>
    <ClInclude Include="CInverse.h">
      <Filter>헤더 파일</Filter>
    </ClInclude>
    <ClInclude Include="CReduceNoiseDlg.h">
      <Filter>헤더 파일</Filter>
    </ClInclude>
    <ClInclude Include="CHistogramDlg.h">
      <Filter>헤더 파일</Filter>
    </ClInclude>
    <ClInclude Include="CCompareDlg.h">
      <Filter>헤더 파일</Filter>
    </ClInclude>
    <ClInclude Include="CConvertDataType.h">
      <Filter>헤더 파일</Filter>
    </ClInclude>
    <ClInclude Include="CFourMatDIB.h">
      <Filter>헤더 파일</Filter>
    </ClInclude>
    <ClInclude Include="CGammaDlg.h">
      <Filter>헤더 파일</Filter>
    </ClInclude>
    <ClInclude Include="CMorphology.h">
      <Filter>헤더 파일</Filter>
    </ClInclude>
    <ClInclude Include="AccessObject.h">
      <Filter>헤더 파일</Filter>
    </ClInclude>
    <ClInclude Include="CAlbumDlg.h">
      <Filter>헤더 파일</Filter>
    </ClInclude>
    <ClInclude Include="CCannyEdgeDlg.h">
      <Filter>헤더 파일</Filter>
    </ClInclude>
    <ClInclude Include="CHarrisCornerDlg.h">
      <Filter>헤더 파일</Filter>
    </ClInclude>
  </ItemGroup>
  <ItemGroup>
    <None Include="res\drawdoc.ico">
      <Filter>리소스 파일</Filter>
    </None>
    <None Include="res\filelarge.png">
      <Filter>리소스 파일</Filter>
    </None>
    <None Include="res\filesmall.png">
      <Filter>리소스 파일</Filter>
    </None>
    <None Include="res\formatlarge.PNG">
      <Filter>리소스 파일</Filter>
    </None>
    <None Include="res\formatsmall.PNG">
      <Filter>리소스 파일</Filter>
    </None>
    <None Include="res\homelarge.png">
      <Filter>리소스 파일</Filter>
    </None>
    <None Include="res\homesmall.png">
      <Filter>리소스 파일</Filter>
    </None>
    <None Include="res\lineweight.png">
      <Filter>리소스 파일</Filter>
    </None>
    <None Include="res\main.png">
      <Filter>리소스 파일</Filter>
    </None>
    <None Include="res\pencil.cur">
      <Filter>리소스 파일</Filter>
    </None>
    <None Include="res\prop24.bmp">
      <Filter>리소스 파일</Filter>
    </None>
    <None Include="ReadMe.htm">
      <Filter>리소스 파일</Filter>
    </None>
    <None Include="res\ribbonicons.png">
      <Filter>리소스 파일</Filter>
    </None>
    <None Include="res\sb_1.png">
      <Filter>리소스 파일</Filter>
    </None>
    <None Include="res\sb_2.png">
      <Filter>리소스 파일</Filter>
    </None>
    <None Include="setup.rul">
      <Filter>리소스 파일</Filter>
    </None>
    <None Include="res\styles.png">
      <Filter>리소스 파일</Filter>
    </None>
    <None Include="res\viewlarge.png">
      <Filter>리소스 파일</Filter>
    </None>
    <None Include="res\viewsmall.png">
      <Filter>리소스 파일</Filter>
    </None>
  </ItemGroup>
  <ItemGroup>
    <Filter Include="소스 파일">
      <UniqueIdentifier>{e0b1b7ca-9f2c-4e4f-acf2-fe3f2e48f3cf}</UniqueIdentifier>
    </Filter>
    <Filter Include="리소스 파일">
      <UniqueIdentifier>{ab9d7077-3817-4ffd-afcc-33b102a349f5}</UniqueIdentifier>
    </Filter>
    <Filter Include="헤더 파일">
      <UniqueIdentifier>{3dd511bf-5172-4ae8-b988-5817c911dbfb}</UniqueIdentifier>
    </Filter>
  </ItemGroup>
  <ItemGroup>
    <ResourceCompile Include="FourMat.rc">
      <Filter>리소스 파일</Filter>
    </ResourceCompile>
  </ItemGroup>
  <ItemGroup>
    <Image Include="res\main.bmp" />
    <Image Include="RES\FourMat.ICO" />
    <Image Include="res\IDB_LIST.BMP" />
    <Image Include="res\explorer.bmp" />
    <Image Include="res\IDB_LIST2.BMP" />
  </ItemGroup>
</Project>